{
  "name": "auto-responsive-img-markup",
  "version": "1.0.0",
  "lockfileVersion": 1,
  "requires": true,
  "dependencies": {
    "eslint-plugin-dollar-sign": {
      "version": "1.0.2",
      "resolved": "https://registry.npmjs.org/eslint-plugin-dollar-sign/-/eslint-plugin-dollar-sign-1.0.2.tgz",
      "integrity": "sha512-AtA5MJpMAh0kKzSx/u7DuDbPRijIZmlt6n75CR8Q3UQ18Fo4QFfYK15lJ8OhXQQUYR7zTMMB2x37KyP3LnAC/g=="
    },
    "eslint-plugin-jquery": {
      "version": "1.5.1",
      "resolved": "https://registry.npmjs.org/eslint-plugin-jquery/-/eslint-plugin-jquery-1.5.1.tgz",
      "integrity": "sha512-L7v1eaK5t80C0lvUXPFP9MKnBOqPSKhCOYyzy4LZ0+iK+TJwN8S9gAkzzP1AOhypRIwA88HF6phQ9C7jnOpW8w=="
    },
    "jquery": {
      "version": "3.5.1",
      "resolved": "https://registry.npmjs.org/jquery/-/jquery-3.5.1.tgz",
      "integrity": "sha512-XwIBPqcMn57FxfT+Go5pzySnm4KWkT1Tv7gjrpT1srtf8Weynl6R273VJ5GjkRb51IzMp5nbaPjJXMWeju2MKg=="
    }
  }
}
